
Microsoft Visual Studio Solution File, Format Version 12.00
# Visual Studio Version 17
VisualStudioVersion = 17.5.33516.290
MinimumVisualStudioVersion = 10.0.40219.1
Project("{9A19103F-16F7-4668-BE54-9A1E7A4F7556}") = "ReymaTalks.API", "ReymaTalks.API\ReymaTalks.API.csproj", "{1BB8DA4B-3A67-442B-8ADE-7380EE43F8E1}"
EndProject
Project("{FAE04EC0-301F-11D3-BF4B-00C04F79EFBC}") = "ReymaTalks.Common", "ReymaTalks.Common\ReymaTalks.Common.csproj", "{D5CD3A17-0ABF-4903-B242-7B9ACBF024C9}"
EndProject
Project("{FAE04EC0-301F-11D3-BF4B-00C04F79EFBC}") = "ReymaTalks.Domain", "ReymaTalks.Domain\ReymaTalks.Domain.csproj", "{7447F2F1-6F65-45C3-9C67-6B6D443DFF42}"
EndProject
Project("{FAE04EC0-301F-11D3-BF4B-00C04F79EFBC}") = "ReymaTalks.Persistence", "ReymaTalks.Persistence\ReymaTalks.Persistence.csproj", "{B6725C6A-4B0E-4E82-9DF6-CB4D4D466E32}"
EndProject
Global
	GlobalSection(SolutionConfigurationPlatforms) = preSolution
		Debug|Any CPU = Debug|Any CPU
		Release|Any CPU = Release|Any CPU
	EndGlobalSection
	GlobalSection(ProjectConfigurationPlatforms) = postSolution
		{1BB8DA4B-3A67-442B-8ADE-7380EE43F8E1}.Debug|Any CPU.ActiveCfg = Debug|Any CPU
		{1BB8DA4B-3A67-442B-8ADE-7380EE43F8E1}.Debug|Any CPU.Build.0 = Debug|Any CPU
		{1BB8DA4B-3A67-442B-8ADE-7380EE43F8E1}.Release|Any CPU.ActiveCfg = Release|Any CPU
		{1BB8DA4B-3A67-442B-8ADE-7380EE43F8E1}.Release|Any CPU.Build.0 = Release|Any CPU
		{D5CD3A17-0ABF-4903-B242-7B9ACBF024C9}.Debug|Any CPU.ActiveCfg = Debug|Any CPU
		{D5CD3A17-0ABF-4903-B242-7B9ACBF024C9}.Debug|Any CPU.Build.0 = Debug|Any CPU
		{D5CD3A17-0ABF-4903-B242-7B9ACBF024C9}.Release|Any CPU.ActiveCfg = Release|Any CPU
		{D5CD3A17-0ABF-4903-B242-7B9ACBF024C9}.Release|Any CPU.Build.0 = Release|Any CPU
		{7447F2F1-6F65-45C3-9C67-6B6D443DFF42}.Debug|Any CPU.ActiveCfg = Debug|Any CPU
		{7447F2F1-6F65-45C3-9C67-6B6D443DFF42}.Debug|Any CPU.Build.0 = Debug|Any CPU
		{7447F2F1-6F65-45C3-9C67-6B6D443DFF42}.Release|Any CPU.ActiveCfg = Release|Any CPU
		{7447F2F1-6F65-45C3-9C67-6B6D443DFF42}.Release|Any CPU.Build.0 = Release|Any CPU
		{B6725C6A-4B0E-4E82-9DF6-CB4D4D466E32}.Debug|Any CPU.ActiveCfg = Debug|Any CPU
		{B6725C6A-4B0E-4E82-9DF6-CB4D4D466E32}.Debug|Any CPU.Build.0 = Debug|Any CPU
		{B6725C6A-4B0E-4E82-9DF6-CB4D4D466E32}.Release|Any CPU.ActiveCfg = Release|Any CPU
		{B6725C6A-4B0E-4E82-9DF6-CB4D4D466E32}.Release|Any CPU.Build.0 = Release|Any CPU
	EndGlobalSection
	GlobalSection(SolutionProperties) = preSolution
		HideSolutionNode = FALSE
	EndGlobalSection
	GlobalSection(ExtensibilityGlobals) = postSolution
		SolutionGuid = {F3681047-4514-4F12-966C-94039E6BC7AD}
	EndGlobalSection
EndGlobal
